# Code generated by scarb DO NOT EDIT.
version = 1

[[package]]
name = "openzeppelin"
version = "0.14.0"
source = "git+https://github.com/OpenZeppelin/cairo-contracts.git#65894fbee925b967ab996a69ddf80e3dd00bbdf0"

[[package]]
name = "optimistic_oracle"
version = "0.1.0"
dependencies = [
 "openzeppelin",
]
